
Microsoft Visual Studio Solution File, Format Version 12.00
Project("{FAE04EC0-301F-11D3-BF4B-00C04F79EFBC}") = "solid-csharp", "solid-csharp\solid-csharp.csproj", "{2FAC7878-25E7-4BE0-BEF8-070F8A4A499E}"
EndProject
Global
	GlobalSection(SolutionConfigurationPlatforms) = preSolution
		Debug|Any CPU = Debug|Any CPU
		Release|Any CPU = Release|Any CPU
	EndGlobalSection
	GlobalSection(ProjectConfigurationPlatforms) = postSolution
		{2FAC7878-25E7-4BE0-BEF8-070F8A4A499E}.Debug|Any CPU.ActiveCfg = Debug|Any CPU
		{2FAC7878-25E7-4BE0-BEF8-070F8A4A499E}.Debug|Any CPU.Build.0 = Debug|Any CPU
		{2FAC7878-25E7-4BE0-BEF8-070F8A4A499E}.Release|Any CPU.ActiveCfg = Release|Any CPU
		{2FAC7878-25E7-4BE0-BEF8-070F8A4A499E}.Release|Any CPU.Build.0 = Release|Any CPU
	EndGlobalSection
EndGlobal
